
Microsoft Visual Studio Solution File, Format Version 12.00
Project("{FAE04EC0-301F-11D3-BF4B-00C04F79EFBC}") = "Parsec.Samples.Ani", "Parsec.Samples.Ani\Parsec.Samples.Ani.csproj", "{2E2D7C58-FAC1-46B3-B0BE-D5C1D0585E4E}"
EndProject
Project("{2150E333-8FDC-42A3-9474-1A3956D46DE8}") = "lib", "lib", "{EBC1B049-0ED5-4823-B8E6-889024A548ED}"
EndProject
Project("{FAE04EC0-301F-11D3-BF4B-00C04F79EFBC}") = "Parsec", "..\..\src\Parsec\Parsec.csproj", "{C476DB41-4778-4F98-8810-B3DC670FDC82}"
EndProject
Global
	GlobalSection(SolutionConfigurationPlatforms) = preSolution
		Debug|Any CPU = Debug|Any CPU
		Release|Any CPU = Release|Any CPU
	EndGlobalSection
	GlobalSection(ProjectConfigurationPlatforms) = postSolution
		{2E2D7C58-FAC1-46B3-B0BE-D5C1D0585E4E}.Debug|Any CPU.ActiveCfg = Debug|Any CPU
		{2E2D7C58-FAC1-46B3-B0BE-D5C1D0585E4E}.Debug|Any CPU.Build.0 = Debug|Any CPU
		{2E2D7C58-FAC1-46B3-B0BE-D5C1D0585E4E}.Release|Any CPU.ActiveCfg = Release|Any CPU
		{2E2D7C58-FAC1-46B3-B0BE-D5C1D0585E4E}.Release|Any CPU.Build.0 = Release|Any CPU
		{C476DB41-4778-4F98-8810-B3DC670FDC82}.Debug|Any CPU.ActiveCfg = Debug|Any CPU
		{C476DB41-4778-4F98-8810-B3DC670FDC82}.Debug|Any CPU.Build.0 = Debug|Any CPU
		{C476DB41-4778-4F98-8810-B3DC670FDC82}.Release|Any CPU.ActiveCfg = Release|Any CPU
		{C476DB41-4778-4F98-8810-B3DC670FDC82}.Release|Any CPU.Build.0 = Release|Any CPU
	EndGlobalSection
	GlobalSection(NestedProjects) = preSolution
		{C476DB41-4778-4F98-8810-B3DC670FDC82} = {EBC1B049-0ED5-4823-B8E6-889024A548ED}
	EndGlobalSection
EndGlobal
