
Microsoft Visual Studio Solution File, Format Version 12.00
# Visual Studio Version 16
VisualStudioVersion = 16.0.31829.152
MinimumVisualStudioVersion = 10.0.40219.1
Project("{9A19103F-16F7-4668-BE54-9A1E7A4F7556}") = "Parsec.Samples.SetItem", "Parsec.Samples.SetItem\Parsec.Samples.SetItem.csproj", "{00FA0D52-499F-48B8-9DEA-849B49FDA180}"
EndProject
Project("{9A19103F-16F7-4668-BE54-9A1E7A4F7556}") = "Parsec", "..\..\src\Parsec\Parsec.csproj", "{1E6E2039-1510-4338-B066-9A2C5D24BA4A}"
EndProject
Global
	GlobalSection(SolutionConfigurationPlatforms) = preSolution
		Debug|Any CPU = Debug|Any CPU
		Debug|x86 = Debug|x86
		Release|Any CPU = Release|Any CPU
		Release|x86 = Release|x86
	EndGlobalSection
	GlobalSection(ProjectConfigurationPlatforms) = postSolution
		{00FA0D52-499F-48B8-9DEA-849B49FDA180}.Debug|Any CPU.ActiveCfg = Debug|Any CPU
		{00FA0D52-499F-48B8-9DEA-849B49FDA180}.Debug|Any CPU.Build.0 = Debug|Any CPU
		{00FA0D52-499F-48B8-9DEA-849B49FDA180}.Debug|x86.ActiveCfg = Debug|Any CPU
		{00FA0D52-499F-48B8-9DEA-849B49FDA180}.Debug|x86.Build.0 = Debug|Any CPU
		{00FA0D52-499F-48B8-9DEA-849B49FDA180}.Release|Any CPU.ActiveCfg = Release|Any CPU
		{00FA0D52-499F-48B8-9DEA-849B49FDA180}.Release|Any CPU.Build.0 = Release|Any CPU
		{00FA0D52-499F-48B8-9DEA-849B49FDA180}.Release|x86.ActiveCfg = Release|Any CPU
		{00FA0D52-499F-48B8-9DEA-849B49FDA180}.Release|x86.Build.0 = Release|Any CPU
		{1E6E2039-1510-4338-B066-9A2C5D24BA4A}.Debug|Any CPU.ActiveCfg = Debug|Any CPU
		{1E6E2039-1510-4338-B066-9A2C5D24BA4A}.Debug|Any CPU.Build.0 = Debug|Any CPU
		{1E6E2039-1510-4338-B066-9A2C5D24BA4A}.Debug|x86.ActiveCfg = Debug|x86
		{1E6E2039-1510-4338-B066-9A2C5D24BA4A}.Debug|x86.Build.0 = Debug|x86
		{1E6E2039-1510-4338-B066-9A2C5D24BA4A}.Release|Any CPU.ActiveCfg = Release|Any CPU
		{1E6E2039-1510-4338-B066-9A2C5D24BA4A}.Release|Any CPU.Build.0 = Release|Any CPU
		{1E6E2039-1510-4338-B066-9A2C5D24BA4A}.Release|x86.ActiveCfg = Release|x86
		{1E6E2039-1510-4338-B066-9A2C5D24BA4A}.Release|x86.Build.0 = Release|x86
	EndGlobalSection
	GlobalSection(SolutionProperties) = preSolution
		HideSolutionNode = FALSE
	EndGlobalSection
	GlobalSection(ExtensibilityGlobals) = postSolution
		SolutionGuid = {E9950149-16C6-4B61-A653-C2C2F504ADB0}
	EndGlobalSection
EndGlobal
