
Microsoft Visual Studio Solution File, Format Version 12.00
Project("{FAE04EC0-301F-11D3-BF4B-00C04F79EFBC}") = "Parsec", "src\Parsec\Parsec.csproj", "{5BE36714-ABDD-499D-8AAF-020F6B047001}"
EndProject
Project("{FAE04EC0-301F-11D3-BF4B-00C04F79EFBC}") = "Parsec.Tests", "tests\Parsec.Tests\Parsec.Tests.csproj", "{1BE3E25A-42E9-4BD1-A885-0AFCFCE936C0}"
EndProject
Project("{2150E333-8FDC-42A3-9474-1A3956D46DE8}") = "global", "global", "{897E3222-CF5A-43A2-A461-F1D4236052DB}"
ProjectSection(SolutionItems) = preProject
	.gitignore = .gitignore
	LICENSE = LICENSE
	README.md = README.md
	.editorconfig = .editorconfig
	.github\workflows\dotnet.yml = .github\workflows\dotnet.yml
EndProjectSection
EndProject
Project("{2150E333-8FDC-42A3-9474-1A3956D46DE8}") = "src", "src", "{5BFF8B78-2976-44BE-B2BF-B954ABFF7FE2}"
EndProject
Project("{2150E333-8FDC-42A3-9474-1A3956D46DE8}") = "samples", "samples", "{DDCB102C-4170-4EA0-AA84-9656A9200095}"
EndProject
Project("{2150E333-8FDC-42A3-9474-1A3956D46DE8}") = "tests", "tests", "{CED182A4-32CF-4307-8951-692114FAAD57}"
EndProject
Project("{FAE04EC0-301F-11D3-BF4B-00C04F79EFBC}") = "Sample.Data", "samples\Data\Sample.Data.csproj", "{B5E7FDBE-F82C-4316-B9D5-F225C001363B}"
EndProject
Project("{FAE04EC0-301F-11D3-BF4B-00C04F79EFBC}") = "Sample.SData", "samples\SData\Sample.SData.csproj", "{F38CE8FC-7A4F-456F-9679-86886FC180AC}"
EndProject
Project("{FAE04EC0-301F-11D3-BF4B-00C04F79EFBC}") = "Sample.Files", "samples\Files\Sample.Files.csproj", "{09178DB4-DB2C-4849-8CC8-913345812C93}"
EndProject
Global
	GlobalSection(SolutionConfigurationPlatforms) = preSolution
		Debug|Any CPU = Debug|Any CPU
		Release|Any CPU = Release|Any CPU
	EndGlobalSection
	GlobalSection(ProjectConfigurationPlatforms) = postSolution
		{5BE36714-ABDD-499D-8AAF-020F6B047001}.Debug|Any CPU.ActiveCfg = Debug|Any CPU
		{5BE36714-ABDD-499D-8AAF-020F6B047001}.Debug|Any CPU.Build.0 = Debug|Any CPU
		{5BE36714-ABDD-499D-8AAF-020F6B047001}.Release|Any CPU.ActiveCfg = Release|Any CPU
		{5BE36714-ABDD-499D-8AAF-020F6B047001}.Release|Any CPU.Build.0 = Release|Any CPU
		{1BE3E25A-42E9-4BD1-A885-0AFCFCE936C0}.Debug|Any CPU.ActiveCfg = Debug|Any CPU
		{1BE3E25A-42E9-4BD1-A885-0AFCFCE936C0}.Debug|Any CPU.Build.0 = Debug|Any CPU
		{1BE3E25A-42E9-4BD1-A885-0AFCFCE936C0}.Release|Any CPU.ActiveCfg = Release|Any CPU
		{1BE3E25A-42E9-4BD1-A885-0AFCFCE936C0}.Release|Any CPU.Build.0 = Release|Any CPU
		{B5E7FDBE-F82C-4316-B9D5-F225C001363B}.Debug|Any CPU.ActiveCfg = Debug|Any CPU
		{B5E7FDBE-F82C-4316-B9D5-F225C001363B}.Debug|Any CPU.Build.0 = Debug|Any CPU
		{B5E7FDBE-F82C-4316-B9D5-F225C001363B}.Release|Any CPU.ActiveCfg = Release|Any CPU
		{B5E7FDBE-F82C-4316-B9D5-F225C001363B}.Release|Any CPU.Build.0 = Release|Any CPU
		{F38CE8FC-7A4F-456F-9679-86886FC180AC}.Debug|Any CPU.ActiveCfg = Debug|Any CPU
		{F38CE8FC-7A4F-456F-9679-86886FC180AC}.Debug|Any CPU.Build.0 = Debug|Any CPU
		{F38CE8FC-7A4F-456F-9679-86886FC180AC}.Release|Any CPU.ActiveCfg = Release|Any CPU
		{F38CE8FC-7A4F-456F-9679-86886FC180AC}.Release|Any CPU.Build.0 = Release|Any CPU
		{09178DB4-DB2C-4849-8CC8-913345812C93}.Debug|Any CPU.ActiveCfg = Debug|Any CPU
		{09178DB4-DB2C-4849-8CC8-913345812C93}.Debug|Any CPU.Build.0 = Debug|Any CPU
		{09178DB4-DB2C-4849-8CC8-913345812C93}.Release|Any CPU.ActiveCfg = Release|Any CPU
		{09178DB4-DB2C-4849-8CC8-913345812C93}.Release|Any CPU.Build.0 = Release|Any CPU
	EndGlobalSection
	GlobalSection(NestedProjects) = preSolution
		{1BE3E25A-42E9-4BD1-A885-0AFCFCE936C0} = {CED182A4-32CF-4307-8951-692114FAAD57}
		{5BE36714-ABDD-499D-8AAF-020F6B047001} = {5BFF8B78-2976-44BE-B2BF-B954ABFF7FE2}
		{B5E7FDBE-F82C-4316-B9D5-F225C001363B} = {DDCB102C-4170-4EA0-AA84-9656A9200095}
		{F38CE8FC-7A4F-456F-9679-86886FC180AC} = {DDCB102C-4170-4EA0-AA84-9656A9200095}
		{09178DB4-DB2C-4849-8CC8-913345812C93} = {DDCB102C-4170-4EA0-AA84-9656A9200095}
	EndGlobalSection
EndGlobal
