
Microsoft Visual Studio Solution File, Format Version 12.00
Project("{FAE04EC0-301F-11D3-BF4B-00C04F79EFBC}") = "Parsec.Samples.Object3D", "Parsec.Samples.Object3D\Parsec.Samples.Object3D.csproj", "{AB216421-6F63-40FC-8118-9AF4F7DB33B2}"
EndProject
Project("{2150E333-8FDC-42A3-9474-1A3956D46DE8}") = "lib", "lib", "{B6E983CE-529A-41C9-8523-AD0470E87964}"
EndProject
Project("{FAE04EC0-301F-11D3-BF4B-00C04F79EFBC}") = "Parsec", "..\..\src\Parsec\Parsec.csproj", "{02501176-8A75-4C59-BD80-1244423AC497}"
EndProject
Global
	GlobalSection(SolutionConfigurationPlatforms) = preSolution
		Debug|Any CPU = Debug|Any CPU
		Release|Any CPU = Release|Any CPU
	EndGlobalSection
	GlobalSection(ProjectConfigurationPlatforms) = postSolution
		{AB216421-6F63-40FC-8118-9AF4F7DB33B2}.Debug|Any CPU.ActiveCfg = Debug|Any CPU
		{AB216421-6F63-40FC-8118-9AF4F7DB33B2}.Debug|Any CPU.Build.0 = Debug|Any CPU
		{AB216421-6F63-40FC-8118-9AF4F7DB33B2}.Release|Any CPU.ActiveCfg = Release|Any CPU
		{AB216421-6F63-40FC-8118-9AF4F7DB33B2}.Release|Any CPU.Build.0 = Release|Any CPU
		{02501176-8A75-4C59-BD80-1244423AC497}.Debug|Any CPU.ActiveCfg = Debug|Any CPU
		{02501176-8A75-4C59-BD80-1244423AC497}.Debug|Any CPU.Build.0 = Debug|Any CPU
		{02501176-8A75-4C59-BD80-1244423AC497}.Release|Any CPU.ActiveCfg = Release|Any CPU
		{02501176-8A75-4C59-BD80-1244423AC497}.Release|Any CPU.Build.0 = Release|Any CPU
	EndGlobalSection
	GlobalSection(NestedProjects) = preSolution
		{02501176-8A75-4C59-BD80-1244423AC497} = {B6E983CE-529A-41C9-8523-AD0470E87964}
	EndGlobalSection
EndGlobal
