
Microsoft Visual Studio Solution File, Format Version 12.00
Project("{2150E333-8FDC-42A3-9474-1A3956D46DE8}") = "lib", "lib", "{6F2F56BC-8445-4A00-BA23-2CAD0C5C6B76}"
EndProject
Project("{FAE04EC0-301F-11D3-BF4B-00C04F79EFBC}") = "Parsec.Samples.KillStatus", "Parsec.Samples.KillStatus\Parsec.Samples.KillStatus.csproj", "{B8B4AEB9-1F47-410C-9262-E9B4A18C4E88}"
EndProject
Project("{FAE04EC0-301F-11D3-BF4B-00C04F79EFBC}") = "Parsec", "..\..\src\Parsec\Parsec.csproj", "{DA38CFC0-BD8F-40B8-BD67-5406CF0262A6}"
EndProject
Global
	GlobalSection(SolutionConfigurationPlatforms) = preSolution
		Debug|Any CPU = Debug|Any CPU
		Release|Any CPU = Release|Any CPU
	EndGlobalSection
	GlobalSection(ProjectConfigurationPlatforms) = postSolution
		{B8B4AEB9-1F47-410C-9262-E9B4A18C4E88}.Debug|Any CPU.ActiveCfg = Debug|Any CPU
		{B8B4AEB9-1F47-410C-9262-E9B4A18C4E88}.Debug|Any CPU.Build.0 = Debug|Any CPU
		{B8B4AEB9-1F47-410C-9262-E9B4A18C4E88}.Release|Any CPU.ActiveCfg = Release|Any CPU
		{B8B4AEB9-1F47-410C-9262-E9B4A18C4E88}.Release|Any CPU.Build.0 = Release|Any CPU
		{DA38CFC0-BD8F-40B8-BD67-5406CF0262A6}.Debug|Any CPU.ActiveCfg = Debug|Any CPU
		{DA38CFC0-BD8F-40B8-BD67-5406CF0262A6}.Debug|Any CPU.Build.0 = Debug|Any CPU
		{DA38CFC0-BD8F-40B8-BD67-5406CF0262A6}.Release|Any CPU.ActiveCfg = Release|Any CPU
		{DA38CFC0-BD8F-40B8-BD67-5406CF0262A6}.Release|Any CPU.Build.0 = Release|Any CPU
	EndGlobalSection
	GlobalSection(NestedProjects) = preSolution
		{DA38CFC0-BD8F-40B8-BD67-5406CF0262A6} = {6F2F56BC-8445-4A00-BA23-2CAD0C5C6B76}
	EndGlobalSection
EndGlobal
