
Microsoft Visual Studio Solution File, Format Version 12.00
Project("{FAE04EC0-301F-11D3-BF4B-00C04F79EFBC}") = "Parsec.Sample.SData", "Parsec.Sample.SData\Parsec.Sample.SData.csproj", "{66F737EB-B99F-4554-95F0-DCD3AC196B9A}"
EndProject
Project("{2150E333-8FDC-42A3-9474-1A3956D46DE8}") = "lib", "lib", "{EB9E859B-4195-4109-A81C-EEE017054FBF}"
EndProject
Project("{FAE04EC0-301F-11D3-BF4B-00C04F79EFBC}") = "Parsec", "..\..\src\Parsec\Parsec.csproj", "{3B9692DC-EC5E-46A1-BA17-6A32C6D6EB69}"
EndProject
Global
	GlobalSection(SolutionConfigurationPlatforms) = preSolution
		Debug|Any CPU = Debug|Any CPU
		Release|Any CPU = Release|Any CPU
	EndGlobalSection
	GlobalSection(ProjectConfigurationPlatforms) = postSolution
		{66F737EB-B99F-4554-95F0-DCD3AC196B9A}.Debug|Any CPU.ActiveCfg = Debug|Any CPU
		{66F737EB-B99F-4554-95F0-DCD3AC196B9A}.Debug|Any CPU.Build.0 = Debug|Any CPU
		{66F737EB-B99F-4554-95F0-DCD3AC196B9A}.Release|Any CPU.ActiveCfg = Release|Any CPU
		{66F737EB-B99F-4554-95F0-DCD3AC196B9A}.Release|Any CPU.Build.0 = Release|Any CPU
		{3B9692DC-EC5E-46A1-BA17-6A32C6D6EB69}.Release|Any CPU.ActiveCfg = Release|Any CPU
		{3B9692DC-EC5E-46A1-BA17-6A32C6D6EB69}.Release|Any CPU.Build.0 = Release|Any CPU
		{3B9692DC-EC5E-46A1-BA17-6A32C6D6EB69}.Debug|Any CPU.ActiveCfg = Debug|Any CPU
		{3B9692DC-EC5E-46A1-BA17-6A32C6D6EB69}.Debug|Any CPU.Build.0 = Debug|Any CPU
	EndGlobalSection
	GlobalSection(NestedProjects) = preSolution
		{3B9692DC-EC5E-46A1-BA17-6A32C6D6EB69} = {EB9E859B-4195-4109-A81C-EEE017054FBF}
	EndGlobalSection
EndGlobal
