
Microsoft Visual Studio Solution File, Format Version 12.00
Project("{FAE04EC0-301F-11D3-BF4B-00C04F79EFBC}") = "Parsec.Sample.Svmap", "Parsec.Sample.Svmap\Parsec.Sample.Svmap.csproj", "{B707C7F5-F236-4BCE-91E6-F4713E70094E}"
EndProject
Project("{2150E333-8FDC-42A3-9474-1A3956D46DE8}") = "lib", "lib", "{2364F9C5-1AF8-4943-8D20-987C1E97904E}"
EndProject
Project("{FAE04EC0-301F-11D3-BF4B-00C04F79EFBC}") = "Parsec", "..\..\src\Parsec\Parsec.csproj", "{183D21BD-FEFF-4CE6-A080-DB6548F061BC}"
EndProject
Global
	GlobalSection(SolutionConfigurationPlatforms) = preSolution
		Debug|Any CPU = Debug|Any CPU
		Release|Any CPU = Release|Any CPU
	EndGlobalSection
	GlobalSection(ProjectConfigurationPlatforms) = postSolution
		{B707C7F5-F236-4BCE-91E6-F4713E70094E}.Debug|Any CPU.ActiveCfg = Debug|Any CPU
		{B707C7F5-F236-4BCE-91E6-F4713E70094E}.Debug|Any CPU.Build.0 = Debug|Any CPU
		{B707C7F5-F236-4BCE-91E6-F4713E70094E}.Release|Any CPU.ActiveCfg = Release|Any CPU
		{B707C7F5-F236-4BCE-91E6-F4713E70094E}.Release|Any CPU.Build.0 = Release|Any CPU
		{183D21BD-FEFF-4CE6-A080-DB6548F061BC}.Debug|Any CPU.ActiveCfg = Debug|Any CPU
		{183D21BD-FEFF-4CE6-A080-DB6548F061BC}.Debug|Any CPU.Build.0 = Debug|Any CPU
		{183D21BD-FEFF-4CE6-A080-DB6548F061BC}.Release|Any CPU.ActiveCfg = Release|Any CPU
		{183D21BD-FEFF-4CE6-A080-DB6548F061BC}.Release|Any CPU.Build.0 = Release|Any CPU
	EndGlobalSection
	GlobalSection(NestedProjects) = preSolution
		{183D21BD-FEFF-4CE6-A080-DB6548F061BC} = {2364F9C5-1AF8-4943-8D20-987C1E97904E}
	EndGlobalSection
EndGlobal
